// !$*UTF8*$!
{
	archiveVersion = 1;
	classes = {
	};
	objectVersion = 56;
	objects = {

/* Begin PBXBuildFile section */
		BB05A2D22C6E2EE600E97A0B /* GFTabBarController.swift in Sources */ = {isa = PBXBuildFile; fileRef = BB05A2D12C6E2EE600E97A0B /* GFTabBarController.swift */; };
		BB13E0032C74995C00D79825 /* GFAlertContainerView.swift in Sources */ = {isa = PBXBuildFile; fileRef = BB13E0022C74995C00D79825 /* GFAlertContainerView.swift */; };
		BB13E0052C773B8900D79825 /* GFDataLoadingVC.swift in Sources */ = {isa = PBXBuildFile; fileRef = BB13E0042C773B8800D79825 /* GFDataLoadingVC.swift */; };
		BB6FD4FD2C457A2D0072A7B1 /* Follower.swift in Sources */ = {isa = PBXBuildFile; fileRef = BB6FD4FC2C457A2D0072A7B1 /* Follower.swift */; };
		BB6FD4FF2C457AD80072A7B1 /* User.swift in Sources */ = {isa = PBXBuildFile; fileRef = BB6FD4FE2C457AD80072A7B1 /* User.swift */; };
		BB6FD5042C4594740072A7B1 /* NetworkManager.swift in Sources */ = {isa = PBXBuildFile; fileRef = BB6FD5032C4594740072A7B1 /* NetworkManager.swift */; };
		BB6FD5072C471A7C0072A7B1 /* FollowerCell.swift in Sources */ = {isa = PBXBuildFile; fileRef = BB6FD5062C471A7C0072A7B1 /* FollowerCell.swift */; };
		BB6FD50A2C471B270072A7B1 /* GFAvatarImageView.swift in Sources */ = {isa = PBXBuildFile; fileRef = BB6FD5092C471B270072A7B1 /* GFAvatarImageView.swift */; };
		BB9FFC672C52799700261FD0 /* GFItemInfoVC.swift in Sources */ = {isa = PBXBuildFile; fileRef = BB9FFC662C52799700261FD0 /* GFItemInfoVC.swift */; };
		BB9FFC692C5281D900261FD0 /* GFRepoItemVC.swift in Sources */ = {isa = PBXBuildFile; fileRef = BB9FFC682C5281D900261FD0 /* GFRepoItemVC.swift */; };
		BB9FFC6B2C528CE700261FD0 /* GFFollowerItemVC.swift in Sources */ = {isa = PBXBuildFile; fileRef = BB9FFC6A2C528CE700261FD0 /* GFFollowerItemVC.swift */; };
		BB9FFC6F2C53DD4800261FD0 /* Date+Ext.swift in Sources */ = {isa = PBXBuildFile; fileRef = BB9FFC6E2C53DD4800261FD0 /* Date+Ext.swift */; };
		BB9FFC712C53DD7000261FD0 /* String+Ext.swift in Sources */ = {isa = PBXBuildFile; fileRef = BB9FFC702C53DD7000261FD0 /* String+Ext.swift */; };
		BBB81D432C4C50C30031DC80 /* GFEmptyView.swift in Sources */ = {isa = PBXBuildFile; fileRef = BBB81D422C4C50C30031DC80 /* GFEmptyView.swift */; };
		BBB81D4A2C4EDC940031DC80 /* UserInfoVC.swift in Sources */ = {isa = PBXBuildFile; fileRef = BBB81D492C4EDC940031DC80 /* UserInfoVC.swift */; };
		BBB81D4D2C4F02140031DC80 /* CFUserInfoHeaderVC.swift in Sources */ = {isa = PBXBuildFile; fileRef = BBB81D4C2C4F02140031DC80 /* CFUserInfoHeaderVC.swift */; };
		BBB81D4F2C4F027F0031DC80 /* GFSecondaryTitleLabel.swift in Sources */ = {isa = PBXBuildFile; fileRef = BBB81D4E2C4F027F0031DC80 /* GFSecondaryTitleLabel.swift */; };
		BBB81D532C4FC9B60031DC80 /* Constants.swift in Sources */ = {isa = PBXBuildFile; fileRef = BBB81D522C4FC9B60031DC80 /* Constants.swift */; };
		BBB81D552C51569E0031DC80 /* GFItemInfoView.swift in Sources */ = {isa = PBXBuildFile; fileRef = BBB81D542C51569E0031DC80 /* GFItemInfoView.swift */; };
		BBD5A8062C5E5446000B9397 /* PersistenceManager.swift in Sources */ = {isa = PBXBuildFile; fileRef = BBD5A8052C5E5445000B9397 /* PersistenceManager.swift */; };
		BBD5A8082C5E96C3000B9397 /* ErrorMessage.swift in Sources */ = {isa = PBXBuildFile; fileRef = BBD5A8072C5E96C3000B9397 /* ErrorMessage.swift */; };
		BBDC96002C6023ED00C70363 /* FavoriteCell.swift in Sources */ = {isa = PBXBuildFile; fileRef = BBDC95FF2C6023ED00C70363 /* FavoriteCell.swift */; };
		BBE896242C480A1300CBD019 /* UIHelper.swift in Sources */ = {isa = PBXBuildFile; fileRef = BBE896232C480A1300CBD019 /* UIHelper.swift */; };
		BBF098A32C405A440031957C /* AppDelegate.swift in Sources */ = {isa = PBXBuildFile; fileRef = BBF098A22C405A440031957C /* AppDelegate.swift */; };
		BBF098A52C405A440031957C /* SceneDelegate.swift in Sources */ = {isa = PBXBuildFile; fileRef = BBF098A42C405A440031957C /* SceneDelegate.swift */; };
		BBF098AC2C405A450031957C /* Assets.xcassets in Resources */ = {isa = PBXBuildFile; fileRef = BBF098AB2C405A450031957C /* Assets.xcassets */; };
		BBF098AF2C405A450031957C /* Base in Resources */ = {isa = PBXBuildFile; fileRef = BBF098AE2C405A450031957C /* Base */; };
		BBF098B72C4063420031957C /* SearchVC.swift in Sources */ = {isa = PBXBuildFile; fileRef = BBF098B62C4063420031957C /* SearchVC.swift */; };
		BBF098B92C4063F10031957C /* FavoritesVC.swift in Sources */ = {isa = PBXBuildFile; fileRef = BBF098B82C4063F10031957C /* FavoritesVC.swift */; };
		BBF098BB2C40863A0031957C /* GFButton.swift in Sources */ = {isa = PBXBuildFile; fileRef = BBF098BA2C40863A0031957C /* GFButton.swift */; };
		BBF098BE2C40897B0031957C /* GFTextField.swift in Sources */ = {isa = PBXBuildFile; fileRef = BBF098BD2C40897B0031957C /* GFTextField.swift */; };
		BBF343012C42BCDB00AF9C83 /* FollowerListVC.swift in Sources */ = {isa = PBXBuildFile; fileRef = BBF343002C42BCDB00AF9C83 /* FollowerListVC.swift */; };
		BBF343032C43FEC500AF9C83 /* GFTitleLabel.swift in Sources */ = {isa = PBXBuildFile; fileRef = BBF343022C43FEC500AF9C83 /* GFTitleLabel.swift */; };
		BBF343052C44075100AF9C83 /* GFBodyLabel.swift in Sources */ = {isa = PBXBuildFile; fileRef = BBF343042C44075100AF9C83 /* GFBodyLabel.swift */; };
		BBF343072C4408E800AF9C83 /* GFAlertVC.swift in Sources */ = {isa = PBXBuildFile; fileRef = BBF343062C4408E800AF9C83 /* GFAlertVC.swift */; };
		BBF3430B2C44195D00AF9C83 /* UIViewController+Ext.swift in Sources */ = {isa = PBXBuildFile; fileRef = BBF3430A2C44195D00AF9C83 /* UIViewController+Ext.swift */; };
/* End PBXBuildFile section */

/* Begin PBXFileReference section */
		BB05A2D12C6E2EE600E97A0B /* GFTabBarController.swift */ = {isa = PBXFileReference; lastKnownFileType = sourcecode.swift; path = GFTabBarController.swift; sourceTree = "<group>"; };
		BB13E0022C74995C00D79825 /* GFAlertContainerView.swift */ = {isa = PBXFileReference; lastKnownFileType = sourcecode.swift; path = GFAlertContainerView.swift; sourceTree = "<group>"; };
		BB13E0042C773B8800D79825 /* GFDataLoadingVC.swift */ = {isa = PBXFileReference; lastKnownFileType = sourcecode.swift; path = GFDataLoadingVC.swift; sourceTree = "<group>"; };
		BB6FD4FC2C457A2D0072A7B1 /* Follower.swift */ = {isa = PBXFileReference; lastKnownFileType = sourcecode.swift; path = Follower.swift; sourceTree = "<group>"; };
		BB6FD4FE2C457AD80072A7B1 /* User.swift */ = {isa = PBXFileReference; lastKnownFileType = sourcecode.swift; path = User.swift; sourceTree = "<group>"; };
		BB6FD5032C4594740072A7B1 /* NetworkManager.swift */ = {isa = PBXFileReference; lastKnownFileType = sourcecode.swift; path = NetworkManager.swift; sourceTree = "<group>"; };
		BB6FD5062C471A7C0072A7B1 /* FollowerCell.swift */ = {isa = PBXFileReference; lastKnownFileType = sourcecode.swift; path = FollowerCell.swift; sourceTree = "<group>"; };
		BB6FD5092C471B270072A7B1 /* GFAvatarImageView.swift */ = {isa = PBXFileReference; lastKnownFileType = sourcecode.swift; path = GFAvatarImageView.swift; sourceTree = "<group>"; };
		BB9FFC662C52799700261FD0 /* GFItemInfoVC.swift */ = {isa = PBXFileReference; lastKnownFileType = sourcecode.swift; path = GFItemInfoVC.swift; sourceTree = "<group>"; };
		BB9FFC682C5281D900261FD0 /* GFRepoItemVC.swift */ = {isa = PBXFileReference; lastKnownFileType = sourcecode.swift; path = GFRepoItemVC.swift; sourceTree = "<group>"; };
		BB9FFC6A2C528CE700261FD0 /* GFFollowerItemVC.swift */ = {isa = PBXFileReference; lastKnownFileType = sourcecode.swift; path = GFFollowerItemVC.swift; sourceTree = "<group>"; };
		BB9FFC6E2C53DD4800261FD0 /* Date+Ext.swift */ = {isa = PBXFileReference; lastKnownFileType = sourcecode.swift; path = "Date+Ext.swift"; sourceTree = "<group>"; };
		BB9FFC702C53DD7000261FD0 /* String+Ext.swift */ = {isa = PBXFileReference; lastKnownFileType = sourcecode.swift; path = "String+Ext.swift"; sourceTree = "<group>"; };
		BBB81D422C4C50C30031DC80 /* GFEmptyView.swift */ = {isa = PBXFileReference; lastKnownFileType = sourcecode.swift; path = GFEmptyView.swift; sourceTree = "<group>"; };
		BBB81D492C4EDC940031DC80 /* UserInfoVC.swift */ = {isa = PBXFileReference; lastKnownFileType = sourcecode.swift; name = UserInfoVC.swift; path = UserInfoView/UserInfoVC.swift; sourceTree = "<group>"; };
		BBB81D4C2C4F02140031DC80 /* CFUserInfoHeaderVC.swift */ = {isa = PBXFileReference; lastKnownFileType = sourcecode.swift; path = CFUserInfoHeaderVC.swift; sourceTree = "<group>"; };
		BBB81D4E2C4F027F0031DC80 /* GFSecondaryTitleLabel.swift */ = {isa = PBXFileReference; lastKnownFileType = sourcecode.swift; path = GFSecondaryTitleLabel.swift; sourceTree = "<group>"; };
		BBB81D522C4FC9B60031DC80 /* Constants.swift */ = {isa = PBXFileReference; lastKnownFileType = sourcecode.swift; path = Constants.swift; sourceTree = "<group>"; };
		BBB81D542C51569E0031DC80 /* GFItemInfoView.swift */ = {isa = PBXFileReference; lastKnownFileType = sourcecode.swift; path = GFItemInfoView.swift; sourceTree = "<group>"; };
		BBD5A8052C5E5445000B9397 /* PersistenceManager.swift */ = {isa = PBXFileReference; lastKnownFileType = sourcecode.swift; path = PersistenceManager.swift; sourceTree = "<group>"; };
		BBD5A8072C5E96C3000B9397 /* ErrorMessage.swift */ = {isa = PBXFileReference; lastKnownFileType = sourcecode.swift; path = ErrorMessage.swift; sourceTree = "<group>"; };
		BBDC95FF2C6023ED00C70363 /* FavoriteCell.swift */ = {isa = PBXFileReference; lastKnownFileType = sourcecode.swift; path = FavoriteCell.swift; sourceTree = "<group>"; };
		BBE896232C480A1300CBD019 /* UIHelper.swift */ = {isa = PBXFileReference; lastKnownFileType = sourcecode.swift; path = UIHelper.swift; sourceTree = "<group>"; };
		BBF0989F2C405A440031957C /* GithubUIKit.app */ = {isa = PBXFileReference; explicitFileType = wrapper.application; includeInIndex = 0; path = GithubUIKit.app; sourceTree = BUILT_PRODUCTS_DIR; };
		BBF098A22C405A440031957C /* AppDelegate.swift */ = {isa = PBXFileReference; lastKnownFileType = sourcecode.swift; path = AppDelegate.swift; sourceTree = "<group>"; };
		BBF098A42C405A440031957C /* SceneDelegate.swift */ = {isa = PBXFileReference; lastKnownFileType = sourcecode.swift; path = SceneDelegate.swift; sourceTree = "<group>"; };
		BBF098AB2C405A450031957C /* Assets.xcassets */ = {isa = PBXFileReference; lastKnownFileType = folder.assetcatalog; path = Assets.xcassets; sourceTree = "<group>"; };
		BBF098AE2C405A450031957C /* Base */ = {isa = PBXFileReference; lastKnownFileType = file.storyboard; name = Base; path = Base.lproj/LaunchScreen.storyboard; sourceTree = "<group>"; };
		BBF098B02C405A450031957C /* Info.plist */ = {isa = PBXFileReference; lastKnownFileType = text.plist.xml; path = Info.plist; sourceTree = "<group>"; };
		BBF098B62C4063420031957C /* SearchVC.swift */ = {isa = PBXFileReference; lastKnownFileType = sourcecode.swift; path = SearchVC.swift; sourceTree = "<group>"; };
		BBF098B82C4063F10031957C /* FavoritesVC.swift */ = {isa = PBXFileReference; lastKnownFileType = sourcecode.swift; path = FavoritesVC.swift; sourceTree = "<group>"; };
		BBF098BA2C40863A0031957C /* GFButton.swift */ = {isa = PBXFileReference; lastKnownFileType = sourcecode.swift; path = GFButton.swift; sourceTree = "<group>"; };
		BBF098BD2C40897B0031957C /* GFTextField.swift */ = {isa = PBXFileReference; lastKnownFileType = sourcecode.swift; path = GFTextField.swift; sourceTree = "<group>"; };
		BBF343002C42BCDB00AF9C83 /* FollowerListVC.swift */ = {isa = PBXFileReference; lastKnownFileType = sourcecode.swift; path = FollowerListVC.swift; sourceTree = "<group>"; };
		BBF343022C43FEC500AF9C83 /* GFTitleLabel.swift */ = {isa = PBXFileReference; lastKnownFileType = sourcecode.swift; path = GFTitleLabel.swift; sourceTree = "<group>"; };
		BBF343042C44075100AF9C83 /* GFBodyLabel.swift */ = {isa = PBXFileReference; lastKnownFileType = sourcecode.swift; path = GFBodyLabel.swift; sourceTree = "<group>"; };
		BBF343062C4408E800AF9C83 /* GFAlertVC.swift */ = {isa = PBXFileReference; lastKnownFileType = sourcecode.swift; path = GFAlertVC.swift; sourceTree = "<group>"; };
		BBF3430A2C44195D00AF9C83 /* UIViewController+Ext.swift */ = {isa = PBXFileReference; lastKnownFileType = sourcecode.swift; path = "UIViewController+Ext.swift"; sourceTree = "<group>"; };
/* End PBXFileReference section */

/* Begin PBXFrameworksBuildPhase section */
		BBF0989C2C405A440031957C /* Frameworks */ = {
			isa = PBXFrameworksBuildPhase;
			buildActionMask = 2147483647;
			files = (
			);
			runOnlyForDeploymentPostprocessing = 0;
		};
/* End PBXFrameworksBuildPhase section */

/* Begin PBXGroup section */
		BB05A2D02C6E2EB000E97A0B /* TabBarControllers */ = {
			isa = PBXGroup;
			children = (
				BB05A2D12C6E2EE600E97A0B /* GFTabBarController.swift */,
			);
			path = TabBarControllers;
			sourceTree = "<group>";
		};
		BB1AEDF62C4566D2006FB081 /* Delegate */ = {
			isa = PBXGroup;
			children = (
				BBF098A22C405A440031957C /* AppDelegate.swift */,
				BBF098A42C405A440031957C /* SceneDelegate.swift */,
			);
			path = Delegate;
			sourceTree = "<group>";
		};
		BB4424802C428AC70078CC0E /* Others */ = {
			isa = PBXGroup;
			children = (
				BBF343082C4408F100AF9C83 /* CustomViews */,
			);
			path = Others;
			sourceTree = "<group>";
		};
		BB4424812C428ADE0078CC0E /* View */ = {
			isa = PBXGroup;
			children = (
				BBF098B62C4063420031957C /* SearchVC.swift */,
				BBF343002C42BCDB00AF9C83 /* FollowerListVC.swift */,
				BBB81D492C4EDC940031DC80 /* UserInfoVC.swift */,
				BBF098B82C4063F10031957C /* FavoritesVC.swift */,
				BB4424802C428AC70078CC0E /* Others */,
			);
			path = View;
			sourceTree = "<group>";
		};
		BB6FD4FB2C4575A10072A7B1 /* Model */ = {
			isa = PBXGroup;
			children = (
				BB6FD4FC2C457A2D0072A7B1 /* Follower.swift */,
				BB6FD4FE2C457AD80072A7B1 /* User.swift */,
			);
			path = Model;
			sourceTree = "<group>";
		};
		BB6FD5022C4592E40072A7B1 /* Manager */ = {
			isa = PBXGroup;
			children = (
				BB6FD5032C4594740072A7B1 /* NetworkManager.swift */,
				BBD5A8052C5E5445000B9397 /* PersistenceManager.swift */,
			);
			path = Manager;
			sourceTree = "<group>";
		};
		BB9FFC642C52793100261FD0 /* ViewControllers */ = {
			isa = PBXGroup;
			children = (
				BBB81D4C2C4F02140031DC80 /* CFUserInfoHeaderVC.swift */,
				BBF343062C4408E800AF9C83 /* GFAlertVC.swift */,
				BB13E0042C773B8800D79825 /* GFDataLoadingVC.swift */,
				BB9FFC6D2C53CE6400261FD0 /* ItemInfoVCs */,
			);
			path = ViewControllers;
			sourceTree = "<group>";
		};
		BB9FFC652C52794B00261FD0 /* Views */ = {
			isa = PBXGroup;
			children = (
				BBB81D542C51569E0031DC80 /* GFItemInfoView.swift */,
				BBB81D422C4C50C30031DC80 /* GFEmptyView.swift */,
				BB13E0022C74995C00D79825 /* GFAlertContainerView.swift */,
			);
			path = Views;
			sourceTree = "<group>";
		};
		BB9FFC6D2C53CE6400261FD0 /* ItemInfoVCs */ = {
			isa = PBXGroup;
			children = (
				BB9FFC662C52799700261FD0 /* GFItemInfoVC.swift */,
				BB9FFC682C5281D900261FD0 /* GFRepoItemVC.swift */,
				BB9FFC6A2C528CE700261FD0 /* GFFollowerItemVC.swift */,
			);
			path = ItemInfoVCs;
			sourceTree = "<group>";
		};
		BBB81D452C4EDBD90031DC80 /* Buttons */ = {
			isa = PBXGroup;
			children = (
				BBF098BA2C40863A0031957C /* GFButton.swift */,
			);
			path = Buttons;
			sourceTree = "<group>";
		};
		BBB81D462C4EDBE10031DC80 /* Labels */ = {
			isa = PBXGroup;
			children = (
				BBF343022C43FEC500AF9C83 /* GFTitleLabel.swift */,
				BBB81D4E2C4F027F0031DC80 /* GFSecondaryTitleLabel.swift */,
				BBF343042C44075100AF9C83 /* GFBodyLabel.swift */,
			);
			path = Labels;
			sourceTree = "<group>";
		};
		BBB81D472C4EDBE90031DC80 /* TextField */ = {
			isa = PBXGroup;
			children = (
				BBF098BD2C40897B0031957C /* GFTextField.swift */,
			);
			path = TextField;
			sourceTree = "<group>";
		};
		BBB81D482C4EDBFE0031DC80 /* ImageView */ = {
			isa = PBXGroup;
			children = (
				BB6FD5092C471B270072A7B1 /* GFAvatarImageView.swift */,
			);
			path = ImageView;
			sourceTree = "<group>";
		};
		BBDC95FE2C6023BC00C70363 /* Cells */ = {
			isa = PBXGroup;
			children = (
				BB6FD5062C471A7C0072A7B1 /* FollowerCell.swift */,
				BBDC95FF2C6023ED00C70363 /* FavoriteCell.swift */,
			);
			path = Cells;
			sourceTree = "<group>";
		};
		BBE896222C4809F400CBD019 /* Utilities */ = {
			isa = PBXGroup;
			children = (
				BBE896232C480A1300CBD019 /* UIHelper.swift */,
				BBB81D522C4FC9B60031DC80 /* Constants.swift */,
				BBD5A8072C5E96C3000B9397 /* ErrorMessage.swift */,
			);
			path = Utilities;
			sourceTree = "<group>";
		};
		BBF098962C405A440031957C = {
			isa = PBXGroup;
			children = (
				BBF098A12C405A440031957C /* GithubUIKit */,
				BBF098A02C405A440031957C /* Products */,
			);
			sourceTree = "<group>";
		};
		BBF098A02C405A440031957C /* Products */ = {
			isa = PBXGroup;
			children = (
				BBF0989F2C405A440031957C /* GithubUIKit.app */,
			);
			name = Products;
			sourceTree = "<group>";
		};
		BBF098A12C405A440031957C /* GithubUIKit */ = {
			isa = PBXGroup;
			children = (
				BB1AEDF62C4566D2006FB081 /* Delegate */,
				BB6FD4FB2C4575A10072A7B1 /* Model */,
				BB6FD5022C4592E40072A7B1 /* Manager */,
				BB4424812C428ADE0078CC0E /* View */,
				BBE896222C4809F400CBD019 /* Utilities */,
				BBF343092C44191500AF9C83 /* Extensions */,
				BBF098AB2C405A450031957C /* Assets.xcassets */,
				BBF098AD2C405A450031957C /* LaunchScreen.storyboard */,
				BBF098B02C405A450031957C /* Info.plist */,
			);
			path = GithubUIKit;
			sourceTree = "<group>";
		};
		BBF343082C4408F100AF9C83 /* CustomViews */ = {
			isa = PBXGroup;
			children = (
				BB05A2D02C6E2EB000E97A0B /* TabBarControllers */,
				BBDC95FE2C6023BC00C70363 /* Cells */,
				BB9FFC652C52794B00261FD0 /* Views */,
				BB9FFC642C52793100261FD0 /* ViewControllers */,
				BBB81D482C4EDBFE0031DC80 /* ImageView */,
				BBB81D472C4EDBE90031DC80 /* TextField */,
				BBB81D462C4EDBE10031DC80 /* Labels */,
				BBB81D452C4EDBD90031DC80 /* Buttons */,
			);
			path = CustomViews;
			sourceTree = "<group>";
		};
		BBF343092C44191500AF9C83 /* Extensions */ = {
			isa = PBXGroup;
			children = (
				BBF3430A2C44195D00AF9C83 /* UIViewController+Ext.swift */,
				BB9FFC6E2C53DD4800261FD0 /* Date+Ext.swift */,
				BB9FFC702C53DD7000261FD0 /* String+Ext.swift */,
			);
			path = Extensions;
			sourceTree = "<group>";
		};
/* End PBXGroup section */

/* Begin PBXNativeTarget section */
		BBF0989E2C405A440031957C /* GithubUIKit */ = {
			isa = PBXNativeTarget;
			buildConfigurationList = BBF098B32C405A450031957C /* Build configuration list for PBXNativeTarget "GithubUIKit" */;
			buildPhases = (
				BBF0989B2C405A440031957C /* Sources */,
				BBF0989C2C405A440031957C /* Frameworks */,
				BBF0989D2C405A440031957C /* Resources */,
			);
			buildRules = (
			);
			dependencies = (
			);
			name = GithubUIKit;
			productName = GithubUIKit;
			productReference = BBF0989F2C405A440031957C /* GithubUIKit.app */;
			productType = "com.apple.product-type.application";
		};
/* End PBXNativeTarget section */

/* Begin PBXProject section */
		BBF098972C405A440031957C /* Project object */ = {
			isa = PBXProject;
			attributes = {
				BuildIndependentTargetsInParallel = 1;
				LastSwiftUpdateCheck = 1540;
				LastUpgradeCheck = 1540;
				TargetAttributes = {
					BBF0989E2C405A440031957C = {
						CreatedOnToolsVersion = 15.4;
					};
				};
			};
			buildConfigurationList = BBF0989A2C405A440031957C /* Build configuration list for PBXProject "GithubUIKit" */;
			compatibilityVersion = "Xcode 14.0";
			developmentRegion = en;
			hasScannedForEncodings = 0;
			knownRegions = (
				en,
				Base,
			);
			mainGroup = BBF098962C405A440031957C;
			productRefGroup = BBF098A02C405A440031957C /* Products */;
			projectDirPath = "";
			projectRoot = "";
			targets = (
				BBF0989E2C405A440031957C /* GithubUIKit */,
			);
		};
/* End PBXProject section */

/* Begin PBXResourcesBuildPhase section */
		BBF0989D2C405A440031957C /* Resources */ = {
			isa = PBXResourcesBuildPhase;
			buildActionMask = 2147483647;
			files = (
				BBF098AC2C405A450031957C /* Assets.xcassets in Resources */,
				BBF098AF2C405A450031957C /* Base in Resources */,
			);
			runOnlyForDeploymentPostprocessing = 0;
		};
/* End PBXResourcesBuildPhase section */

/* Begin PBXSourcesBuildPhase section */
		BBF0989B2C405A440031957C /* Sources */ = {
			isa = PBXSourcesBuildPhase;
			buildActionMask = 2147483647;
			files = (
				BB9FFC6F2C53DD4800261FD0 /* Date+Ext.swift in Sources */,
				BB9FFC6B2C528CE700261FD0 /* GFFollowerItemVC.swift in Sources */,
				BB6FD4FF2C457AD80072A7B1 /* User.swift in Sources */,
				BBB81D532C4FC9B60031DC80 /* Constants.swift in Sources */,
				BBB81D552C51569E0031DC80 /* GFItemInfoView.swift in Sources */,
				BBF098BE2C40897B0031957C /* GFTextField.swift in Sources */,
				BB13E0052C773B8900D79825 /* GFDataLoadingVC.swift in Sources */,
				BB6FD5072C471A7C0072A7B1 /* FollowerCell.swift in Sources */,
				BBF098B92C4063F10031957C /* FavoritesVC.swift in Sources */,
				BB9FFC672C52799700261FD0 /* GFItemInfoVC.swift in Sources */,
				BB9FFC692C5281D900261FD0 /* GFRepoItemVC.swift in Sources */,
				BBF098BB2C40863A0031957C /* GFButton.swift in Sources */,
				BBF3430B2C44195D00AF9C83 /* UIViewController+Ext.swift in Sources */,
				BBF098B72C4063420031957C /* SearchVC.swift in Sources */,
				BBB81D4F2C4F027F0031DC80 /* GFSecondaryTitleLabel.swift in Sources */,
				BBDC96002C6023ED00C70363 /* FavoriteCell.swift in Sources */,
				BBB81D432C4C50C30031DC80 /* GFEmptyView.swift in Sources */,
				BB05A2D22C6E2EE600E97A0B /* GFTabBarController.swift in Sources */,
				BBF343072C4408E800AF9C83 /* GFAlertVC.swift in Sources */,
				BBB81D4D2C4F02140031DC80 /* CFUserInfoHeaderVC.swift in Sources */,
				BBF343052C44075100AF9C83 /* GFBodyLabel.swift in Sources */,
				BB6FD4FD2C457A2D0072A7B1 /* Follower.swift in Sources */,
				BB13E0032C74995C00D79825 /* GFAlertContainerView.swift in Sources */,
				BBF343032C43FEC500AF9C83 /* GFTitleLabel.swift in Sources */,
				BB6FD5042C4594740072A7B1 /* NetworkManager.swift in Sources */,
				BBB81D4A2C4EDC940031DC80 /* UserInfoVC.swift in Sources */,
				BBD5A8082C5E96C3000B9397 /* ErrorMessage.swift in Sources */,
				BBD5A8062C5E5446000B9397 /* PersistenceManager.swift in Sources */,
				BB9FFC712C53DD7000261FD0 /* String+Ext.swift in Sources */,
				BBE896242C480A1300CBD019 /* UIHelper.swift in Sources */,
				BB6FD50A2C471B270072A7B1 /* GFAvatarImageView.swift in Sources */,
				BBF343012C42BCDB00AF9C83 /* FollowerListVC.swift in Sources */,
				BBF098A32C405A440031957C /* AppDelegate.swift in Sources */,
				BBF098A52C405A440031957C /* SceneDelegate.swift in Sources */,
			);
			runOnlyForDeploymentPostprocessing = 0;
		};
/* End PBXSourcesBuildPhase section */

/* Begin PBXVariantGroup section */
		BBF098AD2C405A450031957C /* LaunchScreen.storyboard */ = {
			isa = PBXVariantGroup;
			children = (
				BBF098AE2C405A450031957C /* Base */,
			);
			name = LaunchScreen.storyboard;
			sourceTree = "<group>";
		};
/* End PBXVariantGroup section */

/* Begin XCBuildConfiguration section */
		BBF098B12C405A450031957C /* Debug */ = {
			isa = XCBuildConfiguration;
			buildSettings = {
				ALWAYS_SEARCH_USER_PATHS = NO;
				ASSETCATALOG_COMPILER_GENERATE_SWIFT_ASSET_SYMBOL_EXTENSIONS = YES;
				CLANG_ANALYZER_NONNULL = YES;
				CLANG_ANALYZER_NUMBER_OBJECT_CONVERSION = YES_AGGRESSIVE;
				CLANG_CXX_LANGUAGE_STANDARD = "gnu++20";
				CLANG_ENABLE_MODULES = YES;
				CLANG_ENABLE_OBJC_ARC = YES;
				CLANG_ENABLE_OBJC_WEAK = YES;
				CLANG_WARN_BLOCK_CAPTURE_AUTORELEASING = YES;
				CLANG_WARN_BOOL_CONVERSION = YES;
				CLANG_WARN_COMMA = YES;
				CLANG_WARN_CONSTANT_CONVERSION = YES;
				CLANG_WARN_DEPRECATED_OBJC_IMPLEMENTATIONS = YES;
				CLANG_WARN_DIRECT_OBJC_ISA_USAGE = YES_ERROR;
				CLANG_WARN_DOCUMENTATION_COMMENTS = YES;
				CLANG_WARN_EMPTY_BODY = YES;
				CLANG_WARN_ENUM_CONVERSION = YES;
				CLANG_WARN_INFINITE_RECURSION = YES;
				CLANG_WARN_INT_CONVERSION = YES;
				CLANG_WARN_NON_LITERAL_NULL_CONVERSION = YES;
				CLANG_WARN_OBJC_IMPLICIT_RETAIN_SELF = YES;
				CLANG_WARN_OBJC_LITERAL_CONVERSION = YES;
				CLANG_WARN_OBJC_ROOT_CLASS = YES_ERROR;
				CLANG_WARN_QUOTED_INCLUDE_IN_FRAMEWORK_HEADER = YES;
				CLANG_WARN_RANGE_LOOP_ANALYSIS = YES;
				CLANG_WARN_STRICT_PROTOTYPES = YES;
				CLANG_WARN_SUSPICIOUS_MOVE = YES;
				CLANG_WARN_UNGUARDED_AVAILABILITY = YES_AGGRESSIVE;
				CLANG_WARN_UNREACHABLE_CODE = YES;
				CLANG_WARN__DUPLICATE_METHOD_MATCH = YES;
				COPY_PHASE_STRIP = NO;
				DEBUG_INFORMATION_FORMAT = dwarf;
				ENABLE_STRICT_OBJC_MSGSEND = YES;
				ENABLE_TESTABILITY = YES;
				ENABLE_USER_SCRIPT_SANDBOXING = YES;
				GCC_C_LANGUAGE_STANDARD = gnu17;
				GCC_DYNAMIC_NO_PIC = NO;
				GCC_NO_COMMON_BLOCKS = YES;
				GCC_OPTIMIZATION_LEVEL = 0;
				GCC_PREPROCESSOR_DEFINITIONS = (
					"DEBUG=1",
					"$(inherited)",
				);
				GCC_WARN_64_TO_32_BIT_CONVERSION = YES;
				GCC_WARN_ABOUT_RETURN_TYPE = YES_ERROR;
				GCC_WARN_UNDECLARED_SELECTOR = YES;
				GCC_WARN_UNINITIALIZED_AUTOS = YES_AGGRESSIVE;
				GCC_WARN_UNUSED_FUNCTION = YES;
				GCC_WARN_UNUSED_VARIABLE = YES;
				IPHONEOS_DEPLOYMENT_TARGET = 17.5;
				LOCALIZATION_PREFERS_STRING_CATALOGS = YES;
				MTL_ENABLE_DEBUG_INFO = INCLUDE_SOURCE;
				MTL_FAST_MATH = YES;
				ONLY_ACTIVE_ARCH = YES;
				SDKROOT = iphoneos;
				SWIFT_ACTIVE_COMPILATION_CONDITIONS = "DEBUG $(inherited)";
				SWIFT_OPTIMIZATION_LEVEL = "-Onone";
			};
			name = Debug;
		};
		BBF098B22C405A450031957C /* Release */ = {
			isa = XCBuildConfiguration;
			buildSettings = {
				ALWAYS_SEARCH_USER_PATHS = NO;
				ASSETCATALOG_COMPILER_GENERATE_SWIFT_ASSET_SYMBOL_EXTENSIONS = YES;
				CLANG_ANALYZER_NONNULL = YES;
				CLANG_ANALYZER_NUMBER_OBJECT_CONVERSION = YES_AGGRESSIVE;
				CLANG_CXX_LANGUAGE_STANDARD = "gnu++20";
				CLANG_ENABLE_MODULES = YES;
				CLANG_ENABLE_OBJC_ARC = YES;
				CLANG_ENABLE_OBJC_WEAK = YES;
				CLANG_WARN_BLOCK_CAPTURE_AUTORELEASING = YES;
				CLANG_WARN_BOOL_CONVERSION = YES;
				CLANG_WARN_COMMA = YES;
				CLANG_WARN_CONSTANT_CONVERSION = YES;
				CLANG_WARN_DEPRECATED_OBJC_IMPLEMENTATIONS = YES;
				CLANG_WARN_DIRECT_OBJC_ISA_USAGE = YES_ERROR;
				CLANG_WARN_DOCUMENTATION_COMMENTS = YES;
				CLANG_WARN_EMPTY_BODY = YES;
				CLANG_WARN_ENUM_CONVERSION = YES;
				CLANG_WARN_INFINITE_RECURSION = YES;
				CLANG_WARN_INT_CONVERSION = YES;
				CLANG_WARN_NON_LITERAL_NULL_CONVERSION = YES;
				CLANG_WARN_OBJC_IMPLICIT_RETAIN_SELF = YES;
				CLANG_WARN_OBJC_LITERAL_CONVERSION = YES;
				CLANG_WARN_OBJC_ROOT_CLASS = YES_ERROR;
				CLANG_WARN_QUOTED_INCLUDE_IN_FRAMEWORK_HEADER = YES;
				CLANG_WARN_RANGE_LOOP_ANALYSIS = YES;
				CLANG_WARN_STRICT_PROTOTYPES = YES;
				CLANG_WARN_SUSPICIOUS_MOVE = YES;
				CLANG_WARN_UNGUARDED_AVAILABILITY = YES_AGGRESSIVE;
				CLANG_WARN_UNREACHABLE_CODE = YES;
				CLANG_WARN__DUPLICATE_METHOD_MATCH = YES;
				COPY_PHASE_STRIP = NO;
				DEBUG_INFORMATION_FORMAT = "dwarf-with-dsym";
				ENABLE_NS_ASSERTIONS = NO;
				ENABLE_STRICT_OBJC_MSGSEND = YES;
				ENABLE_USER_SCRIPT_SANDBOXING = YES;
				GCC_C_LANGUAGE_STANDARD = gnu17;
				GCC_NO_COMMON_BLOCKS = YES;
				GCC_WARN_64_TO_32_BIT_CONVERSION = YES;
				GCC_WARN_ABOUT_RETURN_TYPE = YES_ERROR;
				GCC_WARN_UNDECLARED_SELECTOR = YES;
				GCC_WARN_UNINITIALIZED_AUTOS = YES_AGGRESSIVE;
				GCC_WARN_UNUSED_FUNCTION = YES;
				GCC_WARN_UNUSED_VARIABLE = YES;
				IPHONEOS_DEPLOYMENT_TARGET = 17.5;
				LOCALIZATION_PREFERS_STRING_CATALOGS = YES;
				MTL_ENABLE_DEBUG_INFO = NO;
				MTL_FAST_MATH = YES;
				SDKROOT = iphoneos;
				SWIFT_COMPILATION_MODE = wholemodule;
				VALIDATE_PRODUCT = YES;
			};
			name = Release;
		};
		BBF098B42C405A450031957C /* Debug */ = {
			isa = XCBuildConfiguration;
			buildSettings = {
				ASSETCATALOG_COMPILER_APPICON_NAME = AppIcon;
				ASSETCATALOG_COMPILER_GLOBAL_ACCENT_COLOR_NAME = AccentColor;
				CODE_SIGN_STYLE = Automatic;
				CURRENT_PROJECT_VERSION = 1;
				DEVELOPMENT_TEAM = 27JCDAS664;
				GENERATE_INFOPLIST_FILE = YES;
				INFOPLIST_FILE = GithubUIKit/Info.plist;
				INFOPLIST_KEY_CFBundleDisplayName = GitHubProfile;
				INFOPLIST_KEY_UIApplicationSupportsIndirectInputEvents = YES;
				INFOPLIST_KEY_UILaunchStoryboardName = LaunchScreen;
				INFOPLIST_KEY_UISupportedInterfaceOrientations = UIInterfaceOrientationPortrait;
				LD_RUNPATH_SEARCH_PATHS = (
					"$(inherited)",
					"@executable_path/Frameworks",
				);
				MARKETING_VERSION = 1.0;
				PRODUCT_BUNDLE_IDENTIFIER = com.AtakanBasaran.GithubUIKit;
				PRODUCT_NAME = "$(TARGET_NAME)";
				SWIFT_EMIT_LOC_STRINGS = YES;
				SWIFT_VERSION = 5.0;
				TARGETED_DEVICE_FAMILY = "1,2";
			};
			name = Debug;
		};
		BBF098B52C405A450031957C /* Release */ = {
			isa = XCBuildConfiguration;
			buildSettings = {
				ASSETCATALOG_COMPILER_APPICON_NAME = AppIcon;
				ASSETCATALOG_COMPILER_GLOBAL_ACCENT_COLOR_NAME = AccentColor;
				CODE_SIGN_STYLE = Automatic;
				CURRENT_PROJECT_VERSION = 1;
				DEVELOPMENT_TEAM = 27JCDAS664;
				GENERATE_INFOPLIST_FILE = YES;
				INFOPLIST_FILE = GithubUIKit/Info.plist;
				INFOPLIST_KEY_CFBundleDisplayName = GitHubProfile;
				INFOPLIST_KEY_UIApplicationSupportsIndirectInputEvents = YES;
				INFOPLIST_KEY_UILaunchStoryboardName = LaunchScreen;
				INFOPLIST_KEY_UISupportedInterfaceOrientations = UIInterfaceOrientationPortrait;
				LD_RUNPATH_SEARCH_PATHS = (
					"$(inherited)",
					"@executable_path/Frameworks",
				);
				MARKETING_VERSION = 1.0;
				PRODUCT_BUNDLE_IDENTIFIER = com.AtakanBasaran.GithubUIKit;
				PRODUCT_NAME = "$(TARGET_NAME)";
				SWIFT_EMIT_LOC_STRINGS = YES;
				SWIFT_VERSION = 5.0;
				TARGETED_DEVICE_FAMILY = "1,2";
			};
			name = Release;
		};
/* End XCBuildConfiguration section */

/* Begin XCConfigurationList section */
		BBF0989A2C405A440031957C /* Build configuration list for PBXProject "GithubUIKit" */ = {
			isa = XCConfigurationList;
			buildConfigurations = (
				BBF098B12C405A450031957C /* Debug */,
				BBF098B22C405A450031957C /* Release */,
			);
			defaultConfigurationIsVisible = 0;
			defaultConfigurationName = Release;
		};
		BBF098B32C405A450031957C /* Build configuration list for PBXNativeTarget "GithubUIKit" */ = {
			isa = XCConfigurationList;
			buildConfigurations = (
				BBF098B42C405A450031957C /* Debug */,
				BBF098B52C405A450031957C /* Release */,
			);
			defaultConfigurationIsVisible = 0;
			defaultConfigurationName = Release;
		};
/* End XCConfigurationList section */
	};
	rootObject = BBF098972C405A440031957C /* Project object */;
}
